
Microsoft Visual Studio Solution File, Format Version 12.00
# Visual Studio Version 17
VisualStudioVersion = 17.13.35818.85 d17.13
MinimumVisualStudioVersion = 10.0.40219.1
Project("{8BC9CEB8-8B4A-11D0-8D11-00A0C91BC942}") = "Teste", "Teste\Teste.vcxproj", "{49F28E51-6728-4F97-BBA5-E4B9D5367B54}"
EndProject
Global
	GlobalSection(SolutionConfigurationPlatforms) = preSolution
		Debug|x64 = Debug|x64
		Debug|x86 = Debug|x86
		Release|x64 = Release|x64
		Release|x86 = Release|x86
	EndGlobalSection
	GlobalSection(ProjectConfigurationPlatforms) = postSolution
		{49F28E51-6728-4F97-BBA5-E4B9D5367B54}.Debug|x64.ActiveCfg = Debug|x64
		{49F28E51-6728-4F97-BBA5-E4B9D5367B54}.Debug|x64.Build.0 = Debug|x64
		{49F28E51-6728-4F97-BBA5-E4B9D5367B54}.Debug|x86.ActiveCfg = Debug|Win32
		{49F28E51-6728-4F97-BBA5-E4B9D5367B54}.Debug|x86.Build.0 = Debug|Win32
		{49F28E51-6728-4F97-BBA5-E4B9D5367B54}.Release|x64.ActiveCfg = Release|x64
		{49F28E51-6728-4F97-BBA5-E4B9D5367B54}.Release|x64.Build.0 = Release|x64
		{49F28E51-6728-4F97-BBA5-E4B9D5367B54}.Release|x86.ActiveCfg = Release|Win32
		{49F28E51-6728-4F97-BBA5-E4B9D5367B54}.Release|x86.Build.0 = Release|Win32
	EndGlobalSection
	GlobalSection(SolutionProperties) = preSolution
		HideSolutionNode = FALSE
	EndGlobalSection
	GlobalSection(ExtensibilityGlobals) = postSolution
		SolutionGuid = {B1DCA2FE-59F6-41A7-BBF0-26844F8A77C5}
	EndGlobalSection
EndGlobal
