
Microsoft Visual Studio Solution File, Format Version 12.00
# Visual Studio Version 17
VisualStudioVersion = 17.13.35818.85 d17.13
MinimumVisualStudioVersion = 10.0.40219.1
Project("{8BC9CEB8-8B4A-11D0-8D11-00A0C91BC942}") = "ApplicacaoMinima", "ApplicacaoMinima\ApplicacaoMinima.vcxproj", "{AFF1978C-DF3D-405D-8C63-14AC7E160F41}"
EndProject
Global
	GlobalSection(SolutionConfigurationPlatforms) = preSolution
		Debug|x64 = Debug|x64
		Debug|x86 = Debug|x86
		Release|x64 = Release|x64
		Release|x86 = Release|x86
	EndGlobalSection
	GlobalSection(ProjectConfigurationPlatforms) = postSolution
		{AFF1978C-DF3D-405D-8C63-14AC7E160F41}.Debug|x64.ActiveCfg = Debug|x64
		{AFF1978C-DF3D-405D-8C63-14AC7E160F41}.Debug|x64.Build.0 = Debug|x64
		{AFF1978C-DF3D-405D-8C63-14AC7E160F41}.Debug|x86.ActiveCfg = Debug|Win32
		{AFF1978C-DF3D-405D-8C63-14AC7E160F41}.Debug|x86.Build.0 = Debug|Win32
		{AFF1978C-DF3D-405D-8C63-14AC7E160F41}.Release|x64.ActiveCfg = Release|x64
		{AFF1978C-DF3D-405D-8C63-14AC7E160F41}.Release|x64.Build.0 = Release|x64
		{AFF1978C-DF3D-405D-8C63-14AC7E160F41}.Release|x86.ActiveCfg = Release|Win32
		{AFF1978C-DF3D-405D-8C63-14AC7E160F41}.Release|x86.Build.0 = Release|Win32
	EndGlobalSection
	GlobalSection(SolutionProperties) = preSolution
		HideSolutionNode = FALSE
	EndGlobalSection
	GlobalSection(ExtensibilityGlobals) = postSolution
		SolutionGuid = {EC5CBA48-D9EF-4C92-B28D-771970A9C662}
	EndGlobalSection
EndGlobal
